// !$*UTF8*$!
{
	archiveVersion = 1;
	classes = {
	};
	objectVersion = 56;
	objects = {

/* Begin PBXBuildFile section */
		1CFBC8B12A78049A00F6DA5E /* PushNotificationsTestAppApp.swift in Sources */ = {isa = PBXBuildFile; fileRef = 1CFBC8B02A78049A00F6DA5E /* PushNotificationsTestAppApp.swift */; };
		1CFBC8B32A78049A00F6DA5E /* ContentView.swift in Sources */ = {isa = PBXBuildFile; fileRef = 1CFBC8B22A78049A00F6DA5E /* ContentView.swift */; };
		1CFBC8B52A78049B00F6DA5E /* Assets.xcassets in Resources */ = {isa = PBXBuildFile; fileRef = 1CFBC8B42A78049B00F6DA5E /* Assets.xcassets */; };
		1CFBC8B82A78049B00F6DA5E /* Preview Assets.xcassets in Resources */ = {isa = PBXBuildFile; fileRef = 1CFBC8B72A78049B00F6DA5E /* Preview Assets.xcassets */; };
		1CFBC8C22A78049B00F6DA5E /* PushNotificationsTestAppTests.swift in Sources */ = {isa = PBXBuildFile; fileRef = 1CFBC8C12A78049B00F6DA5E /* PushNotificationsTestAppTests.swift */; };
		1CFBC8CC2A78049B00F6DA5E /* PushNotificationsTestAppUITests.swift in Sources */ = {isa = PBXBuildFile; fileRef = 1CFBC8CB2A78049B00F6DA5E /* PushNotificationsTestAppUITests.swift */; };
		1CFBC8CE2A78049B00F6DA5E /* PushNotificationsTestAppUITestsLaunchTests.swift in Sources */ = {isa = PBXBuildFile; fileRef = 1CFBC8CD2A78049B00F6DA5E /* PushNotificationsTestAppUITestsLaunchTests.swift */; };
		1CFBC8DB2A7804CE00F6DA5E /* AppDelegate.swift in Sources */ = {isa = PBXBuildFile; fileRef = 1CFBC8DA2A7804CE00F6DA5E /* AppDelegate.swift */; };
/* End PBXBuildFile section */

/* Begin PBXContainerItemProxy section */
		1CFBC8BE2A78049B00F6DA5E /* PBXContainerItemProxy */ = {
			isa = PBXContainerItemProxy;
			containerPortal = 1CFBC8A52A78049A00F6DA5E /* Project object */;
			proxyType = 1;
			remoteGlobalIDString = 1CFBC8AC2A78049A00F6DA5E;
			remoteInfo = PushNotificationsTestApp;
		};
		1CFBC8C82A78049B00F6DA5E /* PBXContainerItemProxy */ = {
			isa = PBXContainerItemProxy;
			containerPortal = 1CFBC8A52A78049A00F6DA5E /* Project object */;
			proxyType = 1;
			remoteGlobalIDString = 1CFBC8AC2A78049A00F6DA5E;
			remoteInfo = PushNotificationsTestApp;
		};
/* End PBXContainerItemProxy section */

/* Begin PBXFileReference section */
		1CFBC8AD2A78049A00F6DA5E /* PushNotificationsTestApp.app */ = {isa = PBXFileReference; explicitFileType = wrapper.application; includeInIndex = 0; path = PushNotificationsTestApp.app; sourceTree = BUILT_PRODUCTS_DIR; };
		1CFBC8B02A78049A00F6DA5E /* PushNotificationsTestAppApp.swift */ = {isa = PBXFileReference; lastKnownFileType = sourcecode.swift; path = PushNotificationsTestAppApp.swift; sourceTree = "<group>"; };
		1CFBC8B22A78049A00F6DA5E /* ContentView.swift */ = {isa = PBXFileReference; lastKnownFileType = sourcecode.swift; path = ContentView.swift; sourceTree = "<group>"; };
		1CFBC8B42A78049B00F6DA5E /* Assets.xcassets */ = {isa = PBXFileReference; lastKnownFileType = folder.assetcatalog; path = Assets.xcassets; sourceTree = "<group>"; };
		1CFBC8B72A78049B00F6DA5E /* Preview Assets.xcassets */ = {isa = PBXFileReference; lastKnownFileType = folder.assetcatalog; path = "Preview Assets.xcassets"; sourceTree = "<group>"; };
		1CFBC8BD2A78049B00F6DA5E /* PushNotificationsTestAppTests.xctest */ = {isa = PBXFileReference; explicitFileType = wrapper.cfbundle; includeInIndex = 0; path = PushNotificationsTestAppTests.xctest; sourceTree = BUILT_PRODUCTS_DIR; };
		1CFBC8C12A78049B00F6DA5E /* PushNotificationsTestAppTests.swift */ = {isa = PBXFileReference; lastKnownFileType = sourcecode.swift; path = PushNotificationsTestAppTests.swift; sourceTree = "<group>"; };
		1CFBC8C72A78049B00F6DA5E /* PushNotificationsTestAppUITests.xctest */ = {isa = PBXFileReference; explicitFileType = wrapper.cfbundle; includeInIndex = 0; path = PushNotificationsTestAppUITests.xctest; sourceTree = BUILT_PRODUCTS_DIR; };
		1CFBC8CB2A78049B00F6DA5E /* PushNotificationsTestAppUITests.swift */ = {isa = PBXFileReference; lastKnownFileType = sourcecode.swift; path = PushNotificationsTestAppUITests.swift; sourceTree = "<group>"; };
		1CFBC8CD2A78049B00F6DA5E /* PushNotificationsTestAppUITestsLaunchTests.swift */ = {isa = PBXFileReference; lastKnownFileType = sourcecode.swift; path = PushNotificationsTestAppUITestsLaunchTests.swift; sourceTree = "<group>"; };
		1CFBC8DA2A7804CE00F6DA5E /* AppDelegate.swift */ = {isa = PBXFileReference; lastKnownFileType = sourcecode.swift; path = AppDelegate.swift; sourceTree = "<group>"; };
		1CFBC8DC2A7804EC00F6DA5E /* PushNotificationsTestApp.entitlements */ = {isa = PBXFileReference; lastKnownFileType = text.plist.entitlements; path = PushNotificationsTestApp.entitlements; sourceTree = "<group>"; };
		1CFBC8DD2A7804F200F6DA5E /* Info.plist */ = {isa = PBXFileReference; lastKnownFileType = text.plist; path = Info.plist; sourceTree = "<group>"; };
/* End PBXFileReference section */

/* Begin PBXFrameworksBuildPhase section */
		1CFBC8AA2A78049A00F6DA5E /* Frameworks */ = {
			isa = PBXFrameworksBuildPhase;
			buildActionMask = 2147483647;
			files = (
			);
			runOnlyForDeploymentPostprocessing = 0;
		};
		1CFBC8BA2A78049B00F6DA5E /* Frameworks */ = {
			isa = PBXFrameworksBuildPhase;
			buildActionMask = 2147483647;
			files = (
			);
			runOnlyForDeploymentPostprocessing = 0;
		};
		1CFBC8C42A78049B00F6DA5E /* Frameworks */ = {
			isa = PBXFrameworksBuildPhase;
			buildActionMask = 2147483647;
			files = (
			);
			runOnlyForDeploymentPostprocessing = 0;
		};
/* End PBXFrameworksBuildPhase section */

/* Begin PBXGroup section */
		1CFBC8A42A78049A00F6DA5E = {
			isa = PBXGroup;
			children = (
				1CFBC8AF2A78049A00F6DA5E /* PushNotificationsTestApp */,
				1CFBC8C02A78049B00F6DA5E /* PushNotificationsTestAppTests */,
				1CFBC8CA2A78049B00F6DA5E /* PushNotificationsTestAppUITests */,
				1CFBC8AE2A78049A00F6DA5E /* Products */,
			);
			sourceTree = "<group>";
		};
		1CFBC8AE2A78049A00F6DA5E /* Products */ = {
			isa = PBXGroup;
			children = (
				1CFBC8AD2A78049A00F6DA5E /* PushNotificationsTestApp.app */,
				1CFBC8BD2A78049B00F6DA5E /* PushNotificationsTestAppTests.xctest */,
				1CFBC8C72A78049B00F6DA5E /* PushNotificationsTestAppUITests.xctest */,
			);
			name = Products;
			sourceTree = "<group>";
		};
		1CFBC8AF2A78049A00F6DA5E /* PushNotificationsTestApp */ = {
			isa = PBXGroup;
			children = (
				1CFBC8DD2A7804F200F6DA5E /* Info.plist */,
				1CFBC8DC2A7804EC00F6DA5E /* PushNotificationsTestApp.entitlements */,
				1CFBC8B02A78049A00F6DA5E /* PushNotificationsTestAppApp.swift */,
				1CFBC8B22A78049A00F6DA5E /* ContentView.swift */,
				1CFBC8B42A78049B00F6DA5E /* Assets.xcassets */,
				1CFBC8B62A78049B00F6DA5E /* Preview Content */,
				1CFBC8DA2A7804CE00F6DA5E /* AppDelegate.swift */,
			);
			path = PushNotificationsTestApp;
			sourceTree = "<group>";
		};
		1CFBC8B62A78049B00F6DA5E /* Preview Content */ = {
			isa = PBXGroup;
			children = (
				1CFBC8B72A78049B00F6DA5E /* Preview Assets.xcassets */,
			);
			path = "Preview Content";
			sourceTree = "<group>";
		};
		1CFBC8C02A78049B00F6DA5E /* PushNotificationsTestAppTests */ = {
			isa = PBXGroup;
			children = (
				1CFBC8C12A78049B00F6DA5E /* PushNotificationsTestAppTests.swift */,
			);
			path = PushNotificationsTestAppTests;
			sourceTree = "<group>";
		};
		1CFBC8CA2A78049B00F6DA5E /* PushNotificationsTestAppUITests */ = {
			isa = PBXGroup;
			children = (
				1CFBC8CB2A78049B00F6DA5E /* PushNotificationsTestAppUITests.swift */,
				1CFBC8CD2A78049B00F6DA5E /* PushNotificationsTestAppUITestsLaunchTests.swift */,
			);
			path = PushNotificationsTestAppUITests;
			sourceTree = "<group>";
		};
/* End PBXGroup section */

/* Begin PBXNativeTarget section */
		1CFBC8AC2A78049A00F6DA5E /* PushNotificationsTestApp */ = {
			isa = PBXNativeTarget;
			buildConfigurationList = 1CFBC8D12A78049B00F6DA5E /* Build configuration list for PBXNativeTarget "PushNotificationsTestApp" */;
			buildPhases = (
				1CFBC8A92A78049A00F6DA5E /* Sources */,
				1CFBC8AA2A78049A00F6DA5E /* Frameworks */,
				1CFBC8AB2A78049A00F6DA5E /* Resources */,
			);
			buildRules = (
			);
			dependencies = (
			);
			name = PushNotificationsTestApp;
			productName = PushNotificationsTestApp;
			productReference = 1CFBC8AD2A78049A00F6DA5E /* PushNotificationsTestApp.app */;
			productType = "com.apple.product-type.application";
		};
		1CFBC8BC2A78049B00F6DA5E /* PushNotificationsTestAppTests */ = {
			isa = PBXNativeTarget;
			buildConfigurationList = 1CFBC8D42A78049B00F6DA5E /* Build configuration list for PBXNativeTarget "PushNotificationsTestAppTests" */;
			buildPhases = (
				1CFBC8B92A78049B00F6DA5E /* Sources */,
				1CFBC8BA2A78049B00F6DA5E /* Frameworks */,
				1CFBC8BB2A78049B00F6DA5E /* Resources */,
			);
			buildRules = (
			);
			dependencies = (
				1CFBC8BF2A78049B00F6DA5E /* PBXTargetDependency */,
			);
			name = PushNotificationsTestAppTests;
			productName = PushNotificationsTestAppTests;
			productReference = 1CFBC8BD2A78049B00F6DA5E /* PushNotificationsTestAppTests.xctest */;
			productType = "com.apple.product-type.bundle.unit-test";
		};
		1CFBC8C62A78049B00F6DA5E /* PushNotificationsTestAppUITests */ = {
			isa = PBXNativeTarget;
			buildConfigurationList = 1CFBC8D72A78049B00F6DA5E /* Build configuration list for PBXNativeTarget "PushNotificationsTestAppUITests" */;
			buildPhases = (
				1CFBC8C32A78049B00F6DA5E /* Sources */,
				1CFBC8C42A78049B00F6DA5E /* Frameworks */,
				1CFBC8C52A78049B00F6DA5E /* Resources */,
			);
			buildRules = (
			);
			dependencies = (
				1CFBC8C92A78049B00F6DA5E /* PBXTargetDependency */,
			);
			name = PushNotificationsTestAppUITests;
			productName = PushNotificationsTestAppUITests;
			productReference = 1CFBC8C72A78049B00F6DA5E /* PushNotificationsTestAppUITests.xctest */;
			productType = "com.apple.product-type.bundle.ui-testing";
		};
/* End PBXNativeTarget section */

/* Begin PBXProject section */
		1CFBC8A52A78049A00F6DA5E /* Project object */ = {
			isa = PBXProject;
			attributes = {
				BuildIndependentTargetsInParallel = 1;
				LastSwiftUpdateCheck = 1430;
				LastUpgradeCheck = 1430;
				TargetAttributes = {
					1CFBC8AC2A78049A00F6DA5E = {
						CreatedOnToolsVersion = 14.3.1;
					};
					1CFBC8BC2A78049B00F6DA5E = {
						CreatedOnToolsVersion = 14.3.1;
						TestTargetID = 1CFBC8AC2A78049A00F6DA5E;
					};
					1CFBC8C62A78049B00F6DA5E = {
						CreatedOnToolsVersion = 14.3.1;
						TestTargetID = 1CFBC8AC2A78049A00F6DA5E;
					};
				};
			};
			buildConfigurationList = 1CFBC8A82A78049A00F6DA5E /* Build configuration list for PBXProject "PushNotificationsTestApp" */;
			compatibilityVersion = "Xcode 14.0";
			developmentRegion = en;
			hasScannedForEncodings = 0;
			knownRegions = (
				en,
				Base,
			);
			mainGroup = 1CFBC8A42A78049A00F6DA5E;
			productRefGroup = 1CFBC8AE2A78049A00F6DA5E /* Products */;
			projectDirPath = "";
			projectRoot = "";
			targets = (
				1CFBC8AC2A78049A00F6DA5E /* PushNotificationsTestApp */,
				1CFBC8BC2A78049B00F6DA5E /* PushNotificationsTestAppTests */,
				1CFBC8C62A78049B00F6DA5E /* PushNotificationsTestAppUITests */,
			);
		};
/* End PBXProject section */

/* Begin PBXResourcesBuildPhase section */
		1CFBC8AB2A78049A00F6DA5E /* Resources */ = {
			isa = PBXResourcesBuildPhase;
			buildActionMask = 2147483647;
			files = (
				1CFBC8B82A78049B00F6DA5E /* Preview Assets.xcassets in Resources */,
				1CFBC8B52A78049B00F6DA5E /* Assets.xcassets in Resources */,
			);
			runOnlyForDeploymentPostprocessing = 0;
		};
		1CFBC8BB2A78049B00F6DA5E /* Resources */ = {
			isa = PBXResourcesBuildPhase;
			buildActionMask = 2147483647;
			files = (
			);
			runOnlyForDeploymentPostprocessing = 0;
		};
		1CFBC8C52A78049B00F6DA5E /* Resources */ = {
			isa = PBXResourcesBuildPhase;
			buildActionMask = 2147483647;
			files = (
			);
			runOnlyForDeploymentPostprocessing = 0;
		};
/* End PBXResourcesBuildPhase section */

/* Begin PBXSourcesBuildPhase section */
		1CFBC8A92A78049A00F6DA5E /* Sources */ = {
			isa = PBXSourcesBuildPhase;
			buildActionMask = 2147483647;
			files = (
				1CFBC8DB2A7804CE00F6DA5E /* AppDelegate.swift in Sources */,
				1CFBC8B32A78049A00F6DA5E /* ContentView.swift in Sources */,
				1CFBC8B12A78049A00F6DA5E /* PushNotificationsTestAppApp.swift in Sources */,
			);
			runOnlyForDeploymentPostprocessing = 0;
		};
		1CFBC8B92A78049B00F6DA5E /* Sources */ = {
			isa = PBXSourcesBuildPhase;
			buildActionMask = 2147483647;
			files = (
				1CFBC8C22A78049B00F6DA5E /* PushNotificationsTestAppTests.swift in Sources */,
			);
			runOnlyForDeploymentPostprocessing = 0;
		};
		1CFBC8C32A78049B00F6DA5E /* Sources */ = {
			isa = PBXSourcesBuildPhase;
			buildActionMask = 2147483647;
			files = (
				1CFBC8CC2A78049B00F6DA5E /* PushNotificationsTestAppUITests.swift in Sources */,
				1CFBC8CE2A78049B00F6DA5E /* PushNotificationsTestAppUITestsLaunchTests.swift in Sources */,
			);
			runOnlyForDeploymentPostprocessing = 0;
		};
/* End PBXSourcesBuildPhase section */

/* Begin PBXTargetDependency section */
		1CFBC8BF2A78049B00F6DA5E /* PBXTargetDependency */ = {
			isa = PBXTargetDependency;
			target = 1CFBC8AC2A78049A00F6DA5E /* PushNotificationsTestApp */;
			targetProxy = 1CFBC8BE2A78049B00F6DA5E /* PBXContainerItemProxy */;
		};
		1CFBC8C92A78049B00F6DA5E /* PBXTargetDependency */ = {
			isa = PBXTargetDependency;
			target = 1CFBC8AC2A78049A00F6DA5E /* PushNotificationsTestApp */;
			targetProxy = 1CFBC8C82A78049B00F6DA5E /* PBXContainerItemProxy */;
		};
/* End PBXTargetDependency section */

/* Begin XCBuildConfiguration section */
		1CFBC8CF2A78049B00F6DA5E /* Debug */ = {
			isa = XCBuildConfiguration;
			buildSettings = {
				ALWAYS_SEARCH_USER_PATHS = NO;
				CLANG_ANALYZER_NONNULL = YES;
				CLANG_ANALYZER_NUMBER_OBJECT_CONVERSION = YES_AGGRESSIVE;
				CLANG_CXX_LANGUAGE_STANDARD = "gnu++20";
				CLANG_ENABLE_MODULES = YES;
				CLANG_ENABLE_OBJC_ARC = YES;
				CLANG_ENABLE_OBJC_WEAK = YES;
				CLANG_WARN_BLOCK_CAPTURE_AUTORELEASING = YES;
				CLANG_WARN_BOOL_CONVERSION = YES;
				CLANG_WARN_COMMA = YES;
				CLANG_WARN_CONSTANT_CONVERSION = YES;
				CLANG_WARN_DEPRECATED_OBJC_IMPLEMENTATIONS = YES;
				CLANG_WARN_DIRECT_OBJC_ISA_USAGE = YES_ERROR;
				CLANG_WARN_DOCUMENTATION_COMMENTS = YES;
				CLANG_WARN_EMPTY_BODY = YES;
				CLANG_WARN_ENUM_CONVERSION = YES;
				CLANG_WARN_INFINITE_RECURSION = YES;
				CLANG_WARN_INT_CONVERSION = YES;
				CLANG_WARN_NON_LITERAL_NULL_CONVERSION = YES;
				CLANG_WARN_OBJC_IMPLICIT_RETAIN_SELF = YES;
				CLANG_WARN_OBJC_LITERAL_CONVERSION = YES;
				CLANG_WARN_OBJC_ROOT_CLASS = YES_ERROR;
				CLANG_WARN_QUOTED_INCLUDE_IN_FRAMEWORK_HEADER = YES;
				CLANG_WARN_RANGE_LOOP_ANALYSIS = YES;
				CLANG_WARN_STRICT_PROTOTYPES = YES;
				CLANG_WARN_SUSPICIOUS_MOVE = YES;
				CLANG_WARN_UNGUARDED_AVAILABILITY = YES_AGGRESSIVE;
				CLANG_WARN_UNREACHABLE_CODE = YES;
				CLANG_WARN__DUPLICATE_METHOD_MATCH = YES;
				COPY_PHASE_STRIP = NO;
				DEBUG_INFORMATION_FORMAT = dwarf;
				ENABLE_STRICT_OBJC_MSGSEND = YES;
				ENABLE_TESTABILITY = YES;
				GCC_C_LANGUAGE_STANDARD = gnu11;
				GCC_DYNAMIC_NO_PIC = NO;
				GCC_NO_COMMON_BLOCKS = YES;
				GCC_OPTIMIZATION_LEVEL = 0;
				GCC_PREPROCESSOR_DEFINITIONS = (
					"DEBUG=1",
					"$(inherited)",
				);
				GCC_WARN_64_TO_32_BIT_CONVERSION = YES;
				GCC_WARN_ABOUT_RETURN_TYPE = YES_ERROR;
				GCC_WARN_UNDECLARED_SELECTOR = YES;
				GCC_WARN_UNINITIALIZED_AUTOS = YES_AGGRESSIVE;
				GCC_WARN_UNUSED_FUNCTION = YES;
				GCC_WARN_UNUSED_VARIABLE = YES;
				IPHONEOS_DEPLOYMENT_TARGET = 16.4;
				MTL_ENABLE_DEBUG_INFO = INCLUDE_SOURCE;
				MTL_FAST_MATH = YES;
				ONLY_ACTIVE_ARCH = YES;
				SDKROOT = iphoneos;
				SWIFT_ACTIVE_COMPILATION_CONDITIONS = DEBUG;
				SWIFT_OPTIMIZATION_LEVEL = "-Onone";
			};
			name = Debug;
		};
		1CFBC8D02A78049B00F6DA5E /* Release */ = {
			isa = XCBuildConfiguration;
			buildSettings = {
				ALWAYS_SEARCH_USER_PATHS = NO;
				CLANG_ANALYZER_NONNULL = YES;
				CLANG_ANALYZER_NUMBER_OBJECT_CONVERSION = YES_AGGRESSIVE;
				CLANG_CXX_LANGUAGE_STANDARD = "gnu++20";
				CLANG_ENABLE_MODULES = YES;
				CLANG_ENABLE_OBJC_ARC = YES;
				CLANG_ENABLE_OBJC_WEAK = YES;
				CLANG_WARN_BLOCK_CAPTURE_AUTORELEASING = YES;
				CLANG_WARN_BOOL_CONVERSION = YES;
				CLANG_WARN_COMMA = YES;
				CLANG_WARN_CONSTANT_CONVERSION = YES;
				CLANG_WARN_DEPRECATED_OBJC_IMPLEMENTATIONS = YES;
				CLANG_WARN_DIRECT_OBJC_ISA_USAGE = YES_ERROR;
				CLANG_WARN_DOCUMENTATION_COMMENTS = YES;
				CLANG_WARN_EMPTY_BODY = YES;
				CLANG_WARN_ENUM_CONVERSION = YES;
				CLANG_WARN_INFINITE_RECURSION = YES;
				CLANG_WARN_INT_CONVERSION = YES;
				CLANG_WARN_NON_LITERAL_NULL_CONVERSION = YES;
				CLANG_WARN_OBJC_IMPLICIT_RETAIN_SELF = YES;
				CLANG_WARN_OBJC_LITERAL_CONVERSION = YES;
				CLANG_WARN_OBJC_ROOT_CLASS = YES_ERROR;
				CLANG_WARN_QUOTED_INCLUDE_IN_FRAMEWORK_HEADER = YES;
				CLANG_WARN_RANGE_LOOP_ANALYSIS = YES;
				CLANG_WARN_STRICT_PROTOTYPES = YES;
				CLANG_WARN_SUSPICIOUS_MOVE = YES;
				CLANG_WARN_UNGUARDED_AVAILABILITY = YES_AGGRESSIVE;
				CLANG_WARN_UNREACHABLE_CODE = YES;
				CLANG_WARN__DUPLICATE_METHOD_MATCH = YES;
				COPY_PHASE_STRIP = NO;
				DEBUG_INFORMATION_FORMAT = "dwarf-with-dsym";
				ENABLE_NS_ASSERTIONS = NO;
				ENABLE_STRICT_OBJC_MSGSEND = YES;
				GCC_C_LANGUAGE_STANDARD = gnu11;
				GCC_NO_COMMON_BLOCKS = YES;
				GCC_WARN_64_TO_32_BIT_CONVERSION = YES;
				GCC_WARN_ABOUT_RETURN_TYPE = YES_ERROR;
				GCC_WARN_UNDECLARED_SELECTOR = YES;
				GCC_WARN_UNINITIALIZED_AUTOS = YES_AGGRESSIVE;
				GCC_WARN_UNUSED_FUNCTION = YES;
				GCC_WARN_UNUSED_VARIABLE = YES;
				IPHONEOS_DEPLOYMENT_TARGET = 16.4;
				MTL_ENABLE_DEBUG_INFO = NO;
				MTL_FAST_MATH = YES;
				SDKROOT = iphoneos;
				SWIFT_COMPILATION_MODE = wholemodule;
				SWIFT_OPTIMIZATION_LEVEL = "-O";
				VALIDATE_PRODUCT = YES;
			};
			name = Release;
		};
		1CFBC8D22A78049B00F6DA5E /* Debug */ = {
			isa = XCBuildConfiguration;
			buildSettings = {
				ASSETCATALOG_COMPILER_APPICON_NAME = AppIcon;
				ASSETCATALOG_COMPILER_GLOBAL_ACCENT_COLOR_NAME = AccentColor;
				CODE_SIGN_ENTITLEMENTS = PushNotificationsTestApp/PushNotificationsTestApp.entitlements;
				CODE_SIGN_STYLE = Automatic;
				CURRENT_PROJECT_VERSION = 1;
				DEVELOPMENT_ASSET_PATHS = "\"PushNotificationsTestApp/Preview Content\"";
				DEVELOPMENT_TEAM = H65NGU53SW;
				ENABLE_PREVIEWS = YES;
				GENERATE_INFOPLIST_FILE = YES;
				INFOPLIST_FILE = PushNotificationsTestApp/Info.plist;
				INFOPLIST_KEY_UIApplicationSceneManifest_Generation = YES;
				INFOPLIST_KEY_UIApplicationSupportsIndirectInputEvents = YES;
				INFOPLIST_KEY_UILaunchScreen_Generation = YES;
				INFOPLIST_KEY_UISupportedInterfaceOrientations_iPad = "UIInterfaceOrientationPortrait UIInterfaceOrientationPortraitUpsideDown UIInterfaceOrientationLandscapeLeft UIInterfaceOrientationLandscapeRight";
				INFOPLIST_KEY_UISupportedInterfaceOrientations_iPhone = "UIInterfaceOrientationPortrait UIInterfaceOrientationLandscapeLeft UIInterfaceOrientationLandscapeRight";
				LD_RUNPATH_SEARCH_PATHS = (
					"$(inherited)",
					"@executable_path/Frameworks",
				);
				MARKETING_VERSION = 1.0;
				PRODUCT_BUNDLE_IDENTIFIER = com.test.PushNotificationsTestApp;
				PRODUCT_NAME = "$(TARGET_NAME)";
				SWIFT_EMIT_LOC_STRINGS = YES;
				SWIFT_VERSION = 5.0;
				TARGETED_DEVICE_FAMILY = "1,2";
			};
			name = Debug;
		};
		1CFBC8D32A78049B00F6DA5E /* Release */ = {
			isa = XCBuildConfiguration;
			buildSettings = {
				ASSETCATALOG_COMPILER_APPICON_NAME = AppIcon;
				ASSETCATALOG_COMPILER_GLOBAL_ACCENT_COLOR_NAME = AccentColor;
				CODE_SIGN_ENTITLEMENTS = PushNotificationsTestApp/PushNotificationsTestApp.entitlements;
				CODE_SIGN_STYLE = Automatic;
				CURRENT_PROJECT_VERSION = 1;
				DEVELOPMENT_ASSET_PATHS = "\"PushNotificationsTestApp/Preview Content\"";
				DEVELOPMENT_TEAM = H65NGU53SW;
				ENABLE_PREVIEWS = YES;
				GENERATE_INFOPLIST_FILE = YES;
				INFOPLIST_FILE = PushNotificationsTestApp/Info.plist;
				INFOPLIST_KEY_UIApplicationSceneManifest_Generation = YES;
				INFOPLIST_KEY_UIApplicationSupportsIndirectInputEvents = YES;
				INFOPLIST_KEY_UILaunchScreen_Generation = YES;
				INFOPLIST_KEY_UISupportedInterfaceOrientations_iPad = "UIInterfaceOrientationPortrait UIInterfaceOrientationPortraitUpsideDown UIInterfaceOrientationLandscapeLeft UIInterfaceOrientationLandscapeRight";
				INFOPLIST_KEY_UISupportedInterfaceOrientations_iPhone = "UIInterfaceOrientationPortrait UIInterfaceOrientationLandscapeLeft UIInterfaceOrientationLandscapeRight";
				LD_RUNPATH_SEARCH_PATHS = (
					"$(inherited)",
					"@executable_path/Frameworks",
				);
				MARKETING_VERSION = 1.0;
				PRODUCT_BUNDLE_IDENTIFIER = com.test.PushNotificationsTestApp;
				PRODUCT_NAME = "$(TARGET_NAME)";
				SWIFT_EMIT_LOC_STRINGS = YES;
				SWIFT_VERSION = 5.0;
				TARGETED_DEVICE_FAMILY = "1,2";
			};
			name = Release;
		};
		1CFBC8D52A78049B00F6DA5E /* Debug */ = {
			isa = XCBuildConfiguration;
			buildSettings = {
				ALWAYS_EMBED_SWIFT_STANDARD_LIBRARIES = YES;
				BUNDLE_LOADER = "$(TEST_HOST)";
				CODE_SIGN_STYLE = Automatic;
				CURRENT_PROJECT_VERSION = 1;
				DEVELOPMENT_TEAM = H65NGU53SW;
				GENERATE_INFOPLIST_FILE = YES;
				IPHONEOS_DEPLOYMENT_TARGET = 16.4;
				MARKETING_VERSION = 1.0;
				PRODUCT_BUNDLE_IDENTIFIER = com.test.PushNotificationsTestAppTests;
				PRODUCT_NAME = "$(TARGET_NAME)";
				SWIFT_EMIT_LOC_STRINGS = NO;
				SWIFT_VERSION = 5.0;
				TARGETED_DEVICE_FAMILY = "1,2";
				TEST_HOST = "$(BUILT_PRODUCTS_DIR)/PushNotificationsTestApp.app/$(BUNDLE_EXECUTABLE_FOLDER_PATH)/PushNotificationsTestApp";
			};
			name = Debug;
		};
		1CFBC8D62A78049B00F6DA5E /* Release */ = {
			isa = XCBuildConfiguration;
			buildSettings = {
				ALWAYS_EMBED_SWIFT_STANDARD_LIBRARIES = YES;
				BUNDLE_LOADER = "$(TEST_HOST)";
				CODE_SIGN_STYLE = Automatic;
				CURRENT_PROJECT_VERSION = 1;
				DEVELOPMENT_TEAM = H65NGU53SW;
				GENERATE_INFOPLIST_FILE = YES;
				IPHONEOS_DEPLOYMENT_TARGET = 16.4;
				MARKETING_VERSION = 1.0;
				PRODUCT_BUNDLE_IDENTIFIER = com.test.PushNotificationsTestAppTests;
				PRODUCT_NAME = "$(TARGET_NAME)";
				SWIFT_EMIT_LOC_STRINGS = NO;
				SWIFT_VERSION = 5.0;
				TARGETED_DEVICE_FAMILY = "1,2";
				TEST_HOST = "$(BUILT_PRODUCTS_DIR)/PushNotificationsTestApp.app/$(BUNDLE_EXECUTABLE_FOLDER_PATH)/PushNotificationsTestApp";
			};
			name = Release;
		};
		1CFBC8D82A78049B00F6DA5E /* Debug */ = {
			isa = XCBuildConfiguration;
			buildSettings = {
				ALWAYS_EMBED_SWIFT_STANDARD_LIBRARIES = YES;
				CODE_SIGN_STYLE = Automatic;
				CURRENT_PROJECT_VERSION = 1;
				DEVELOPMENT_TEAM = H65NGU53SW;
				GENERATE_INFOPLIST_FILE = YES;
				MARKETING_VERSION = 1.0;
				PRODUCT_BUNDLE_IDENTIFIER = com.test.PushNotificationsTestAppUITests;
				PRODUCT_NAME = "$(TARGET_NAME)";
				SWIFT_EMIT_LOC_STRINGS = NO;
				SWIFT_VERSION = 5.0;
				TARGETED_DEVICE_FAMILY = "1,2";
				TEST_TARGET_NAME = PushNotificationsTestApp;
			};
			name = Debug;
		};
		1CFBC8D92A78049B00F6DA5E /* Release */ = {
			isa = XCBuildConfiguration;
			buildSettings = {
				ALWAYS_EMBED_SWIFT_STANDARD_LIBRARIES = YES;
				CODE_SIGN_STYLE = Automatic;
				CURRENT_PROJECT_VERSION = 1;
				DEVELOPMENT_TEAM = H65NGU53SW;
				GENERATE_INFOPLIST_FILE = YES;
				MARKETING_VERSION = 1.0;
				PRODUCT_BUNDLE_IDENTIFIER = com.test.PushNotificationsTestAppUITests;
				PRODUCT_NAME = "$(TARGET_NAME)";
				SWIFT_EMIT_LOC_STRINGS = NO;
				SWIFT_VERSION = 5.0;
				TARGETED_DEVICE_FAMILY = "1,2";
				TEST_TARGET_NAME = PushNotificationsTestApp;
			};
			name = Release;
		};
/* End XCBuildConfiguration section */

/* Begin XCConfigurationList section */
		1CFBC8A82A78049A00F6DA5E /* Build configuration list for PBXProject "PushNotificationsTestApp" */ = {
			isa = XCConfigurationList;
			buildConfigurations = (
				1CFBC8CF2A78049B00F6DA5E /* Debug */,
				1CFBC8D02A78049B00F6DA5E /* Release */,
			);
			defaultConfigurationIsVisible = 0;
			defaultConfigurationName = Release;
		};
		1CFBC8D12A78049B00F6DA5E /* Build configuration list for PBXNativeTarget "PushNotificationsTestApp" */ = {
			isa = XCConfigurationList;
			buildConfigurations = (
				1CFBC8D22A78049B00F6DA5E /* Debug */,
				1CFBC8D32A78049B00F6DA5E /* Release */,
			);
			defaultConfigurationIsVisible = 0;
			defaultConfigurationName = Release;
		};
		1CFBC8D42A78049B00F6DA5E /* Build configuration list for PBXNativeTarget "PushNotificationsTestAppTests" */ = {
			isa = XCConfigurationList;
			buildConfigurations = (
				1CFBC8D52A78049B00F6DA5E /* Debug */,
				1CFBC8D62A78049B00F6DA5E /* Release */,
			);
			defaultConfigurationIsVisible = 0;
			defaultConfigurationName = Release;
		};
		1CFBC8D72A78049B00F6DA5E /* Build configuration list for PBXNativeTarget "PushNotificationsTestAppUITests" */ = {
			isa = XCConfigurationList;
			buildConfigurations = (
				1CFBC8D82A78049B00F6DA5E /* Debug */,
				1CFBC8D92A78049B00F6DA5E /* Release */,
			);
			defaultConfigurationIsVisible = 0;
			defaultConfigurationName = Release;
		};
/* End XCConfigurationList section */
	};
	rootObject = 1CFBC8A52A78049A00F6DA5E /* Project object */;
}
